{
  "name": "gen-plugin-export",
  "version": "1.0.0",
  "lockfileVersion": 1,
  "requires": true,
  "dependencies": {
    "xmldom": {
      "version": "0.4.0",
      "resolved": "https://registry.npmjs.org/xmldom/-/xmldom-0.4.0.tgz",
      "integrity": "sha512-2E93k08T30Ugs+34HBSTQLVtpi6mCddaY8uO+pMNk1pqSjV5vElzn4mmh6KLxN3hki8rNcHSYzILoh3TEWORvA=="
    }
  }
}
